{
  "name": "RBCG",
  "version": "1.0.0",
  "lockfileVersion": 1,
  "requires": true,
  "dependencies": {
    "fdweb": {
      "version": "1.0.7",
      "resolved": "https://registry.npmjs.org/fdweb/-/fdweb-1.0.7.tgz",
      "integrity": "sha512-NS6CJT2bqjoNCeqq1TAVNeDRXBGEoUHAKqosQDPjMzfsqzvUCepPP+Lpqs7cOUoEgI8ab0gwrfVvDCRB052Rwg=="
    }
  }
}
